
Microsoft Visual Studio Solution File, Format Version 12.00
# Visual Studio Version 17
VisualStudioVersion = 17.0.32014.148
MinimumVisualStudioVersion = 10.0.40219.1
Project("{FAE04EC0-301F-11D3-BF4B-00C04F79EFBC}") = "ProjetosAula.Aula1.ConsoleApp", "src\ProjetosAula.Aula1.ConsoleApp\ProjetosAula.Aula1.ConsoleApp.csproj", "{D080DD11-0347-45EF-BA95-57125191E684}"
EndProject
Global
	GlobalSection(SolutionConfigurationPlatforms) = preSolution
		Debug|Any CPU = Debug|Any CPU
		Release|Any CPU = Release|Any CPU
	EndGlobalSection
	GlobalSection(ProjectConfigurationPlatforms) = postSolution
		{D080DD11-0347-45EF-BA95-57125191E684}.Debug|Any CPU.ActiveCfg = Debug|Any CPU
		{D080DD11-0347-45EF-BA95-57125191E684}.Debug|Any CPU.Build.0 = Debug|Any CPU
		{D080DD11-0347-45EF-BA95-57125191E684}.Release|Any CPU.ActiveCfg = Release|Any CPU
		{D080DD11-0347-45EF-BA95-57125191E684}.Release|Any CPU.Build.0 = Release|Any CPU
	EndGlobalSection
	GlobalSection(SolutionProperties) = preSolution
		HideSolutionNode = FALSE
	EndGlobalSection
	GlobalSection(ExtensibilityGlobals) = postSolution
		SolutionGuid = {413A0B93-5442-477D-8234-645BDFB77F92}
	EndGlobalSection
EndGlobal
