
Microsoft Visual Studio Solution File, Format Version 12.00
# Visual Studio Version 17
VisualStudioVersion = 17.0.32014.148
MinimumVisualStudioVersion = 10.0.40219.1
Project("{FAE04EC0-301F-11D3-BF4B-00C04F79EFBC}") = "CursosProway.ProjetosAula5.RevisaoObjetos", "src\CursosProway.ProjetosAula5.RevisaoObjetos\CursosProway.ProjetosAula5.RevisaoObjetos.csproj", "{A660E84C-721A-4CC5-8A1F-9BAC58AB6C2E}"
EndProject
Global
	GlobalSection(SolutionConfigurationPlatforms) = preSolution
		Debug|Any CPU = Debug|Any CPU
		Release|Any CPU = Release|Any CPU
	EndGlobalSection
	GlobalSection(ProjectConfigurationPlatforms) = postSolution
		{A660E84C-721A-4CC5-8A1F-9BAC58AB6C2E}.Debug|Any CPU.ActiveCfg = Debug|Any CPU
		{A660E84C-721A-4CC5-8A1F-9BAC58AB6C2E}.Debug|Any CPU.Build.0 = Debug|Any CPU
		{A660E84C-721A-4CC5-8A1F-9BAC58AB6C2E}.Release|Any CPU.ActiveCfg = Release|Any CPU
		{A660E84C-721A-4CC5-8A1F-9BAC58AB6C2E}.Release|Any CPU.Build.0 = Release|Any CPU
	EndGlobalSection
	GlobalSection(SolutionProperties) = preSolution
		HideSolutionNode = FALSE
	EndGlobalSection
	GlobalSection(ExtensibilityGlobals) = postSolution
		SolutionGuid = {096D10C7-8DFF-4912-AD33-D18089D2777A}
	EndGlobalSection
EndGlobal
