
Microsoft Visual Studio Solution File, Format Version 12.00
# Visual Studio Version 17
VisualStudioVersion = 17.0.32014.148
MinimumVisualStudioVersion = 10.0.40219.1
Project("{FAE04EC0-301F-11D3-BF4B-00C04F79EFBC}") = "CursoProway.ProjetosAula1.ResumoAula1", "src\CursoProway.ProjetosAula1.ResumoAula1\CursoProway.ProjetosAula1.ResumoAula1.csproj", "{A73FBC97-B931-4A24-B341-9DB90444ECB7}"
EndProject
Global
	GlobalSection(SolutionConfigurationPlatforms) = preSolution
		Debug|Any CPU = Debug|Any CPU
		Release|Any CPU = Release|Any CPU
	EndGlobalSection
	GlobalSection(ProjectConfigurationPlatforms) = postSolution
		{A73FBC97-B931-4A24-B341-9DB90444ECB7}.Debug|Any CPU.ActiveCfg = Debug|Any CPU
		{A73FBC97-B931-4A24-B341-9DB90444ECB7}.Debug|Any CPU.Build.0 = Debug|Any CPU
		{A73FBC97-B931-4A24-B341-9DB90444ECB7}.Release|Any CPU.ActiveCfg = Release|Any CPU
		{A73FBC97-B931-4A24-B341-9DB90444ECB7}.Release|Any CPU.Build.0 = Release|Any CPU
	EndGlobalSection
	GlobalSection(SolutionProperties) = preSolution
		HideSolutionNode = FALSE
	EndGlobalSection
	GlobalSection(ExtensibilityGlobals) = postSolution
		SolutionGuid = {A1B9E016-E9BE-498F-BC60-526F7A78E798}
	EndGlobalSection
EndGlobal
