
Microsoft Visual Studio Solution File, Format Version 12.00
# Visual Studio Version 17
VisualStudioVersion = 17.0.32014.148
MinimumVisualStudioVersion = 10.0.40219.1
Project("{FAE04EC0-301F-11D3-BF4B-00C04F79EFBC}") = "CursoProway.ProjetosAula2.PrjAula2", "src\CursoProway.ProjetosAula2.PrjAula2\CursoProway.ProjetosAula2.PrjAula2.csproj", "{7938E68B-A030-4F88-A73A-CF1AE6675677}"
EndProject
Global
	GlobalSection(SolutionConfigurationPlatforms) = preSolution
		Debug|Any CPU = Debug|Any CPU
		Release|Any CPU = Release|Any CPU
	EndGlobalSection
	GlobalSection(ProjectConfigurationPlatforms) = postSolution
		{7938E68B-A030-4F88-A73A-CF1AE6675677}.Debug|Any CPU.ActiveCfg = Debug|Any CPU
		{7938E68B-A030-4F88-A73A-CF1AE6675677}.Debug|Any CPU.Build.0 = Debug|Any CPU
		{7938E68B-A030-4F88-A73A-CF1AE6675677}.Release|Any CPU.ActiveCfg = Release|Any CPU
		{7938E68B-A030-4F88-A73A-CF1AE6675677}.Release|Any CPU.Build.0 = Release|Any CPU
	EndGlobalSection
	GlobalSection(SolutionProperties) = preSolution
		HideSolutionNode = FALSE
	EndGlobalSection
	GlobalSection(ExtensibilityGlobals) = postSolution
		SolutionGuid = {EE8E1A91-01FD-4180-9F49-4534613DBFF3}
	EndGlobalSection
EndGlobal
