
Microsoft Visual Studio Solution File, Format Version 12.00
# Visual Studio Version 17
VisualStudioVersion = 17.0.32014.148
MinimumVisualStudioVersion = 10.0.40219.1
Project("{FAE04EC0-301F-11D3-BF4B-00C04F79EFBC}") = "CursoProway.ProjetosAula5.Aula5OOP", "CursoProway.ProjetosAula5.Aula4OOP\CursoProway.ProjetosAula5.Aula5OOP.csproj", "{CECB32FF-C6F5-4E3F-B759-0BA6A7BCBF55}"
EndProject
Global
	GlobalSection(SolutionConfigurationPlatforms) = preSolution
		Debug|Any CPU = Debug|Any CPU
		Release|Any CPU = Release|Any CPU
	EndGlobalSection
	GlobalSection(ProjectConfigurationPlatforms) = postSolution
		{CECB32FF-C6F5-4E3F-B759-0BA6A7BCBF55}.Debug|Any CPU.ActiveCfg = Debug|Any CPU
		{CECB32FF-C6F5-4E3F-B759-0BA6A7BCBF55}.Debug|Any CPU.Build.0 = Debug|Any CPU
		{CECB32FF-C6F5-4E3F-B759-0BA6A7BCBF55}.Release|Any CPU.ActiveCfg = Release|Any CPU
		{CECB32FF-C6F5-4E3F-B759-0BA6A7BCBF55}.Release|Any CPU.Build.0 = Release|Any CPU
	EndGlobalSection
	GlobalSection(SolutionProperties) = preSolution
		HideSolutionNode = FALSE
	EndGlobalSection
	GlobalSection(ExtensibilityGlobals) = postSolution
		SolutionGuid = {898970B2-1616-4D5F-A35C-13C6F1171275}
	EndGlobalSection
EndGlobal
