
Microsoft Visual Studio Solution File, Format Version 12.00
# Visual Studio Version 17
VisualStudioVersion = 17.0.32014.148
MinimumVisualStudioVersion = 10.0.40219.1
Project("{FAE04EC0-301F-11D3-BF4B-00C04F79EFBC}") = "CursosProway.ProjetosAula4.Matrizes", "CursosProway.ProjetosAula4.Matrizes\CursosProway.ProjetosAula4.Matrizes.csproj", "{1C38E059-BDF6-4A85-A9B1-6699B816CE54}"
EndProject
Global
	GlobalSection(SolutionConfigurationPlatforms) = preSolution
		Debug|Any CPU = Debug|Any CPU
		Release|Any CPU = Release|Any CPU
	EndGlobalSection
	GlobalSection(ProjectConfigurationPlatforms) = postSolution
		{1C38E059-BDF6-4A85-A9B1-6699B816CE54}.Debug|Any CPU.ActiveCfg = Debug|Any CPU
		{1C38E059-BDF6-4A85-A9B1-6699B816CE54}.Debug|Any CPU.Build.0 = Debug|Any CPU
		{1C38E059-BDF6-4A85-A9B1-6699B816CE54}.Release|Any CPU.ActiveCfg = Release|Any CPU
		{1C38E059-BDF6-4A85-A9B1-6699B816CE54}.Release|Any CPU.Build.0 = Release|Any CPU
	EndGlobalSection
	GlobalSection(SolutionProperties) = preSolution
		HideSolutionNode = FALSE
	EndGlobalSection
	GlobalSection(ExtensibilityGlobals) = postSolution
		SolutionGuid = {A79283A4-4718-47CD-8626-8B91C6BEAA5D}
	EndGlobalSection
EndGlobal
